# THIS IS AN AUTOGENERATED FILE. DO NOT EDIT THIS FILE DIRECTLY.
# yarn lockfile v1


"@cspotcode/source-map-support@^0.8.0":
  "integrity" "sha512-IchNf6dN4tHoMFIn/7OE8LWZ19Y6q/67Bmf6vnGREv8RSbBVb9LPJxEcnwrcwX6ixSvaiGoomAUvu4YSxXrVgw=="
  "resolved" "https://registry.npmmirror.com/@cspotcode/source-map-support/-/source-map-support-0.8.1.tgz"
  "version" "0.8.1"
  dependencies:
    "@jridgewell/trace-mapping" "0.3.9"

"@jridgewell/resolve-uri@^3.0.3":
  "integrity" "sha512-F2msla3tad+Mfht5cJq7LSXcdudKTWCVYUgw6pLFOOHSTtZlj6SWNYAp+AhuqLmWdBO2X5hPrLcu8cVP8fy28w=="
  "resolved" "https://registry.npmmirror.com/@jridgewell/resolve-uri/-/resolve-uri-3.1.0.tgz"
  "version" "3.1.0"

"@jridgewell/sourcemap-codec@^1.4.10":
  "integrity" "sha512-XPSJHWmi394fuUuzDnGz1wiKqWfo1yXecHQMRf2l6hztTO+nPru658AyDngaBe7isIxEkRsPR3FZh+s7iVa4Uw=="
  "resolved" "https://registry.npmmirror.com/@jridgewell/sourcemap-codec/-/sourcemap-codec-1.4.14.tgz"
  "version" "1.4.14"

"@jridgewell/trace-mapping@0.3.9":
  "integrity" "sha512-3Belt6tdc8bPgAtbcmdtNJlirVoTmEb5e2gC94PnkwEW9jI6CAHUeoG85tjWP5WquqfavoMtMwiG4P926ZKKuQ=="
  "resolved" "https://registry.npmmirror.com/@jridgewell/trace-mapping/-/trace-mapping-0.3.9.tgz"
  "version" "0.3.9"
  dependencies:
    "@jridgewell/resolve-uri" "^3.0.3"
    "@jridgewell/sourcemap-codec" "^1.4.10"

"@tsconfig/node10@^1.0.7":
  "integrity" "sha512-jNsYVVxU8v5g43Erja32laIDHXeoNvFEpX33OK4d6hljo3jDhCBDhx5dhCCTMWUojscpAagGiRkBKxpdl9fxqA=="
  "resolved" "https://registry.npmmirror.com/@tsconfig/node10/-/node10-1.0.9.tgz"
  "version" "1.0.9"

"@tsconfig/node12@^1.0.7":
  "integrity" "sha512-cqefuRsh12pWyGsIoBKJA9luFu3mRxCA+ORZvA4ktLSzIuCUtWVxGIuXigEwO5/ywWFMZ2QEGKWvkZG1zDMTag=="
  "resolved" "https://registry.npmmirror.com/@tsconfig/node12/-/node12-1.0.11.tgz"
  "version" "1.0.11"

"@tsconfig/node14@^1.0.0":
  "integrity" "sha512-ysT8mhdixWK6Hw3i1V2AeRqZ5WfXg1G43mqoYlM2nc6388Fq5jcXyr5mRsqViLx/GJYdoL0bfXD8nmF+Zn/Iow=="
  "resolved" "https://registry.npmmirror.com/@tsconfig/node14/-/node14-1.0.3.tgz"
  "version" "1.0.3"

"@tsconfig/node16@^1.0.2":
  "integrity" "sha512-yOlFc+7UtL/89t2ZhjPvvB/DeAr3r+Dq58IgzsFkOAvVC6NMJXmCGjbptdXdR9qsX7pKcTL+s87FtYREi2dEEQ=="
  "resolved" "https://registry.npmmirror.com/@tsconfig/node16/-/node16-1.0.3.tgz"
  "version" "1.0.3"

"@types/node@*", "@types/node@^18.0.3":
  "integrity" "sha512-RzRcw8c0B8LzryWOR4Wj7YOTFXvdYKwvrb6xQQyuDfnlTxwYXGCV5RZ/TEbq5L5kn+w3rliHAUyRcG1RtbmTFg=="
  "resolved" "https://registry.npmmirror.com/@types/node/-/node-18.7.4.tgz"
  "version" "18.7.4"

"@types/websocket@^1.0.5":
  "integrity" "sha512-NbsqiNX9CnEfC1Z0Vf4mE1SgAJ07JnRYcNex7AJ9zAVzmiGHmjKFEk7O4TJIsgv2B1sLEb6owKFZrACwdYngsQ=="
  "resolved" "https://registry.npmmirror.com/@types/websocket/-/websocket-1.0.5.tgz"
  "version" "1.0.5"
  dependencies:
    "@types/node" "*"

"acorn-walk@^8.1.1":
  "integrity" "sha512-k+iyHEuPgSw6SbuDpGQM+06HQUa04DZ3o+F6CSzXMvvI5KMvnaEqXe+YVe555R9nn6GPt404fos4wcgpw12SDA=="
  "resolved" "https://registry.npmmirror.com/acorn-walk/-/acorn-walk-8.2.0.tgz"
  "version" "8.2.0"

"acorn@^8.4.1":
  "integrity" "sha512-QOxyigPVrpZ2GXT+PFyZTl6TtOFc5egxHIP9IlQ+RbupQuX4RkT/Bee4/kQuC02Xkzg84JcT7oLYtDIQxp+v7w=="
  "resolved" "https://registry.npmmirror.com/acorn/-/acorn-8.8.0.tgz"
  "version" "8.8.0"

"arg@^4.1.0":
  "integrity" "sha512-58S9QDqG0Xx27YwPSt9fJxivjYl432YCwfDMfZ+71RAqUrZef7LrKQZ3LHLOwCS4FLNBplP533Zx895SeOCHvA=="
  "resolved" "https://registry.npmmirror.com/arg/-/arg-4.1.3.tgz"
  "version" "4.1.3"

"bufferutil@^4.0.1":
  "integrity" "sha512-jduaYOYtnio4aIAyc6UbvPCVcgq7nYpVnucyxr6eCYg/Woad9Hf/oxxBRDnGGjPfjUm6j5O/uBWhIu4iLebFaw=="
  "resolved" "https://registry.npmmirror.com/bufferutil/-/bufferutil-4.0.6.tgz"
  "version" "4.0.6"
  dependencies:
    "node-gyp-build" "^4.3.0"

"create-require@^1.1.0":
  "integrity" "sha512-dcKFX3jn0MpIaXjisoRvexIJVEKzaq7z2rZKxf+MSr9TkdmHmsU4m2lcLojrj/FHl8mk5VxMmYA+ftRkP/3oKQ=="
  "resolved" "https://registry.npmmirror.com/create-require/-/create-require-1.1.1.tgz"
  "version" "1.1.1"

"d@^1.0.1", "d@1":
  "integrity" "sha512-m62ShEObQ39CfralilEQRjH6oAMtNCV1xJyEx5LpRYUVN+EviphDgUc/F3hnYbADmkiNs67Y+3ylmlG7Lnu+FA=="
  "resolved" "https://registry.npmmirror.com/d/-/d-1.0.1.tgz"
  "version" "1.0.1"
  dependencies:
    "es5-ext" "^0.10.50"
    "type" "^1.0.1"

"debug@^2.2.0":
  "integrity" "sha512-bC7ElrdJaJnPbAP+1EotYvqZsb3ecl5wi6Bfi6BJTUcNowp6cvspg0jXznRTKDjm/E7AdgFBVeAPVMNcKGsHMA=="
  "resolved" "https://registry.npmmirror.com/debug/-/debug-2.6.9.tgz"
  "version" "2.6.9"
  dependencies:
    "ms" "2.0.0"

"diff@^4.0.1":
  "integrity" "sha512-58lmxKSA4BNyLz+HHMUzlOEpg09FV+ev6ZMe3vJihgdxzgcwZ8VoEEPmALCZG9LmqfVoNMMKpttIYTVG6uDY7A=="
  "resolved" "https://registry.npmmirror.com/diff/-/diff-4.0.2.tgz"
  "version" "4.0.2"

"es5-ext@^0.10.35", "es5-ext@^0.10.50":
  "integrity" "sha512-BHLqn0klhEpnOKSrzn/Xsz2UIW8j+cGmo9JLzr8BiUapV8hPL9+FliFqjwr9ngW7jWdnxv6eO+/LqyhJVqgrjA=="
  "resolved" "https://registry.npmmirror.com/es5-ext/-/es5-ext-0.10.62.tgz"
  "version" "0.10.62"
  dependencies:
    "es6-iterator" "^2.0.3"
    "es6-symbol" "^3.1.3"
    "next-tick" "^1.1.0"

"es6-iterator@^2.0.3":
  "integrity" "sha512-zw4SRzoUkd+cl+ZoE15A9o1oQd920Bb0iOJMQkQhl3jNc03YqVjAhG7scf9C5KWRU/R13Orf588uCC6525o02g=="
  "resolved" "https://registry.npmmirror.com/es6-iterator/-/es6-iterator-2.0.3.tgz"
  "version" "2.0.3"
  dependencies:
    "d" "1"
    "es5-ext" "^0.10.35"
    "es6-symbol" "^3.1.1"

"es6-symbol@^3.1.1", "es6-symbol@^3.1.3":
  "integrity" "sha512-NJ6Yn3FuDinBaBRWl/q5X/s4koRHBrgKAu+yGI6JCBeiu3qrcbJhwT2GeR/EXVfylRk8dpQVJoLEFhK+Mu31NA=="
  "resolved" "https://registry.npmmirror.com/es6-symbol/-/es6-symbol-3.1.3.tgz"
  "version" "3.1.3"
  dependencies:
    "d" "^1.0.1"
    "ext" "^1.1.2"

"ext@^1.1.2":
  "integrity" "sha512-sdBImtzkq2HpkdRLtlLWDa6w4DX22ijZLKx8BMPUuKe1c5lbN6xwQDQCxSfxBQnHZ13ls/FH0MQZx/q/gr6FQg=="
  "resolved" "https://registry.npmmirror.com/ext/-/ext-1.6.0.tgz"
  "version" "1.6.0"
  dependencies:
    "type" "^2.5.0"

"is-typedarray@^1.0.0":
  "integrity" "sha512-cyA56iCMHAh5CdzjJIa4aohJyeO1YbwLi3Jc35MmRU6poroFjIGZzUzupGiRPOjgHg9TLu43xbpwXk523fMxKA=="
  "resolved" "https://registry.npmmirror.com/is-typedarray/-/is-typedarray-1.0.0.tgz"
  "version" "1.0.0"

"make-error@^1.1.1":
  "integrity" "sha512-s8UhlNe7vPKomQhC1qFelMokr/Sc3AgNbso3n74mVPA5LTZwkB9NlXf4XPamLxJE8h0gh73rM94xvwRT2CVInw=="
  "resolved" "https://registry.npmmirror.com/make-error/-/make-error-1.3.6.tgz"
  "version" "1.3.6"

"ms@2.0.0":
  "integrity" "sha512-Tpp60P6IUJDTuOq/5Z8cdskzJujfwqfOTkrwIwj7IRISpnkJnT6SyJ4PCPnGMoFjC9ddhal5KVIYtAt97ix05A=="
  "resolved" "https://registry.npmmirror.com/ms/-/ms-2.0.0.tgz"
  "version" "2.0.0"

"next-tick@^1.1.0":
  "integrity" "sha512-CXdUiJembsNjuToQvxayPZF9Vqht7hewsvy2sOWafLvi2awflj9mOC6bHIg50orX8IJvWKY9wYQ/zB2kogPslQ=="
  "resolved" "https://registry.npmmirror.com/next-tick/-/next-tick-1.1.0.tgz"
  "version" "1.1.0"

"node-gyp-build@^4.3.0":
  "integrity" "sha512-2iGbaQBV+ITgCz76ZEjmhUKAKVf7xfY1sRl4UiKQspfZMH2h06SyhNsnSVy50cwkFQDGLyif6m/6uFXHkOZ6rg=="
  "resolved" "https://registry.npmmirror.com/node-gyp-build/-/node-gyp-build-4.5.0.tgz"
  "version" "4.5.0"

"prettier@^2.7.1":
  "integrity" "sha512-ujppO+MkdPqoVINuDFDRLClm7D78qbDt0/NR+wp5FqEZOoTNAjPHWj17QRhu7geIHJfcNhRk1XVQmF8Bp3ye+g=="
  "resolved" "https://registry.npmmirror.com/prettier/-/prettier-2.7.1.tgz"
  "version" "2.7.1"

"ts-node@^10.9.1":
  "integrity" "sha512-NtVysVPkxxrwFGUUxGYhfux8k78pQB3JqYBXlLRZgdGUqTO5wU/UyHop5p70iEbGhB7q5KmiZiU0Y3KlJrScEw=="
  "resolved" "https://registry.npmmirror.com/ts-node/-/ts-node-10.9.1.tgz"
  "version" "10.9.1"
  dependencies:
    "@cspotcode/source-map-support" "^0.8.0"
    "@tsconfig/node10" "^1.0.7"
    "@tsconfig/node12" "^1.0.7"
    "@tsconfig/node14" "^1.0.0"
    "@tsconfig/node16" "^1.0.2"
    "acorn" "^8.4.1"
    "acorn-walk" "^8.1.1"
    "arg" "^4.1.0"
    "create-require" "^1.1.0"
    "diff" "^4.0.1"
    "make-error" "^1.1.1"
    "v8-compile-cache-lib" "^3.0.1"
    "yn" "3.1.1"

"type@^1.0.1":
  "integrity" "sha512-+5nt5AAniqsCnu2cEQQdpzCAh33kVx8n0VoFidKpB1dVVLAN/F+bgVOqOJqOnEnrhp222clB5p3vUlD+1QAnfg=="
  "resolved" "https://registry.npmmirror.com/type/-/type-1.2.0.tgz"
  "version" "1.2.0"

"type@^2.5.0":
  "integrity" "sha512-dzlvlNlt6AXU7EBSfpAscydQ7gXB+pPGsPnfJnZpiNJBDj7IaJzQlBZYGdEi4R9HmPdBv2XmWJ6YUtoTa7lmCw=="
  "resolved" "https://registry.npmmirror.com/type/-/type-2.7.2.tgz"
  "version" "2.7.2"

"typedarray-to-buffer@^3.1.5":
  "integrity" "sha512-zdu8XMNEDepKKR+XYOXAVPtWui0ly0NtohUscw+UmaHiAWT8hrV1rr//H6V+0DvJ3OQ19S979M0laLfX8rm82Q=="
  "resolved" "https://registry.npmmirror.com/typedarray-to-buffer/-/typedarray-to-buffer-3.1.5.tgz"
  "version" "3.1.5"
  dependencies:
    "is-typedarray" "^1.0.0"

"typescript@^4.7.4", "typescript@>=2.7":
  "integrity" "sha512-C0WQT0gezHuw6AdY1M2jxUO83Rjf0HP7Sk1DtXj6j1EwkQNZrHAg2XPWlq62oqEhYvONq5pkC2Y9oPljWToLmQ=="
  "resolved" "https://registry.npmmirror.com/typescript/-/typescript-4.7.4.tgz"
  "version" "4.7.4"

"utf-8-validate@^5.0.2":
  "integrity" "sha512-Yek7dAy0v3Kl0orwMlvi7TPtiCNrdfHNd7Gcc/pLq4BLXqfAmd0J7OWMizUQnTTJsyjKn02mU7anqwfmUP4J8Q=="
  "resolved" "https://registry.npmmirror.com/utf-8-validate/-/utf-8-validate-5.0.9.tgz"
  "version" "5.0.9"
  dependencies:
    "node-gyp-build" "^4.3.0"

"v8-compile-cache-lib@^3.0.1":
  "integrity" "sha512-wa7YjyUGfNZngI/vtK0UHAN+lgDCxBPCylVXGp0zu59Fz5aiGtNXaq3DhIov063MorB+VfufLh3JlF2KdTK3xg=="
  "resolved" "https://registry.npmmirror.com/v8-compile-cache-lib/-/v8-compile-cache-lib-3.0.1.tgz"
  "version" "3.0.1"

"websocket@^1.0.34":
  "integrity" "sha512-PRDso2sGwF6kM75QykIesBijKSVceR6jL2G8NGYyq2XrItNC2P5/qL5XeR056GhA+Ly7JMFvJb9I312mJfmqnQ=="
  "resolved" "https://registry.npmmirror.com/websocket/-/websocket-1.0.34.tgz"
  "version" "1.0.34"
  dependencies:
    "bufferutil" "^4.0.1"
    "debug" "^2.2.0"
    "es5-ext" "^0.10.50"
    "typedarray-to-buffer" "^3.1.5"
    "utf-8-validate" "^5.0.2"
    "yaeti" "^0.0.6"

"yaeti@^0.0.6":
  "integrity" "sha512-MvQa//+KcZCUkBTIC9blM+CU9J2GzuTytsOUwf2lidtvkx/6gnEp1QvJv34t9vdjhFmha/mUiNDbN0D0mJWdug=="
  "resolved" "https://registry.npmmirror.com/yaeti/-/yaeti-0.0.6.tgz"
  "version" "0.0.6"

"yn@3.1.1":
  "integrity" "sha512-Ux4ygGWsu2c7isFWe8Yu1YluJmqVhxqK2cLXNQA5AcC3QfbGNpM7fu0Y8b/z16pXLnFxZYvWhd3fhBY9DLmC6Q=="
  "resolved" "https://registry.npmmirror.com/yn/-/yn-3.1.1.tgz"
  "version" "3.1.1"
